PODS:
  - Alamofire (4.8.1)
  - CodableFirebase (0.2.1)
  - Cosmos (18.0.1)
  - Differentiator (3.1.0)
  - DigitInputView (1.1.1)
  - DropDown (2.3.12)
  - Firebase/Auth (5.18.0):
    - Firebase/CoreOnly
    - FirebaseAuth (= 5.4.0)
  - Firebase/Core (5.18.0):
    - Firebase/CoreOnly
    - FirebaseAnalytics (= 5.7.0)
  - Firebase/CoreOnly (5.18.0):
    - FirebaseCore (= 5.3.1)
  - Firebase/Database (5.18.0):
    - Firebase/CoreOnly
    - FirebaseDatabase (= 5.1.0)
  - Firebase/Functions (5.18.0):
    - Firebase/CoreOnly
    - FirebaseFunctions (= 2.3.0)
  - Firebase/Messaging (5.18.0):
    - Firebase/CoreOnly
    - FirebaseMessaging (= 3.3.2)
  - Firebase/Storage (5.18.0):
    - Firebase/CoreOnly
    - FirebaseStorage (= 3.1.0)
  - FirebaseAnalytics (5.7.0):
    - FirebaseCore (~> 5.3)
    - FirebaseInstanceID (~> 3.6)
    - GoogleAppMeasurement (= 5.7.0)
    - GoogleUtilities/AppDelegateSwizzler (~> 5.2)
    - GoogleUtilities/MethodSwizzler (~> 5.2)
    - GoogleUtilities/Network (~> 5.2)
    - "GoogleUtilities/NSData+zlib (~> 5.2)"
    - nanopb (~> 0.3)
  - FirebaseAnalyticsInterop (1.2.0)
  - FirebaseAuth (5.4.0):
    - FirebaseAuthInterop (~> 1.0)
    - FirebaseCore (~> 5.2)
    - GoogleUtilities/Environment (~> 5.2)
    - GTMSessionFetcher/Core (~> 1.1)
  - FirebaseAuthInterop (1.0.0)
  - FirebaseCore (5.3.1):
    - GoogleUtilities/Logger (~> 5.2)
  - FirebaseDatabase (5.1.0):
    - FirebaseAuthInterop (~> 1.0)
    - FirebaseCore (~> 5.2)
    - leveldb-library (~> 1.18)
  - FirebaseFunctions (2.3.0):
    - FirebaseAuthInterop (~> 1.0)
    - FirebaseCore (~> 5.2)
    - GTMSessionFetcher/Core (~> 1.1)
  - FirebaseInstanceID (3.7.0):
    - FirebaseCore (~> 5.2)
    - GoogleUtilities/Environment (~> 5.2)
    - GoogleUtilities/UserDefaults (~> 5.2)
  - FirebaseMessaging (3.3.2):
    - FirebaseAnalyticsInterop (~> 1.1)
    - FirebaseCore (~> 5.2)
    - FirebaseInstanceID (~> 3.6)
    - GoogleUtilities/Environment (~> 5.3)
    - GoogleUtilities/Reachability (~> 5.3)
    - GoogleUtilities/UserDefaults (~> 5.3)
    - Protobuf (~> 3.1)
  - FirebaseStorage (3.1.0):
    - FirebaseAuthInterop (~> 1.0)
    - FirebaseCore (~> 5.2)
    - GTMSessionFetcher/Core (~> 1.1)
  - GoogleAppMeasurement (5.7.0):
    - GoogleUtilities/AppDelegateSwizzler (~> 5.2)
    - GoogleUtilities/MethodSwizzler (~> 5.2)
    - GoogleUtilities/Network (~> 5.2)
    - "GoogleUtilities/NSData+zlib (~> 5.2)"
    - nanopb (~> 0.3)
  - GoogleUtilities/AppDelegateSwizzler (5.5.0):
    - GoogleUtilities/Environment
    - GoogleUtilities/Logger
    - GoogleUtilities/Network
  - GoogleUtilities/Environment (5.5.0)
  - GoogleUtilities/Logger (5.5.0):
    - GoogleUtilities/Environment
  - GoogleUtilities/MethodSwizzler (5.5.0):
    - GoogleUtilities/Logger
  - GoogleUtilities/Network (5.5.0):
    - GoogleUtilities/Logger
    - "GoogleUtilities/NSData+zlib"
    - GoogleUtilities/Reachability
  - "GoogleUtilities/NSData+zlib (5.5.0)"
  - GoogleUtilities/Reachability (5.5.0):
    - GoogleUtilities/Logger
  - GoogleUtilities/UserDefaults (5.5.0):
    - GoogleUtilities/Logger
  - GTMSessionFetcher/Core (1.2.1)
  - IQKeyboardManager (6.2.0)
  - JGProgressHUD (2.0.3)
  - Kingfisher (5.2.0)
  - leveldb-library (1.20)
  - Moya/Core (12.0.1):
    - Alamofire (~> 4.1)
    - Result (~> 4.0)
  - Moya/RxSwift (12.0.1):
    - Moya/Core
    - RxSwift (~> 4.0)
  - nanopb (0.3.901):
    - nanopb/decode (= 0.3.901)
    - nanopb/encode (= 0.3.901)
  - nanopb/decode (0.3.901)
  - nanopb/encode (0.3.901)
  - Protobuf (3.7.0)
  - Result (4.1.0)
  - RxAtomic (4.4.2)
  - RxCocoa (4.4.2):
    - RxSwift (>= 4.4.2, ~> 4.4)
  - RxDataSources (3.1.0):
    - Differentiator (~> 3.0)
    - RxCocoa (~> 4.0)
    - RxSwift (~> 4.0)
  - RxSwift (4.4.2):
    - RxAtomic (>= 4.4.2, ~> 4.4)
  - SkyFloatingLabelTextField (3.6.0)
  - Stripe (14.0.0)
  - SwiftyJSON (4.3.0)
  - Toast-Swift (4.0.1)

DEPENDENCIES:
  - CodableFirebase
  - Cosmos (~> 18.0)
  - DigitInputView
  - DropDown (= 2.3.12)
  - Firebase/Auth
  - Firebase/Core
  - Firebase/Database
  - Firebase/Functions
  - Firebase/Messaging
  - Firebase/Storage
  - IQKeyboardManager (= 6.2.0)
  - JGProgressHUD
  - Kingfisher
  - Moya/RxSwift
  - RxCocoa
  - RxDataSources
  - RxSwift
  - SkyFloatingLabelTextField
  - Stripe
  - SwiftyJSON
  - Toast-Swift (= 4.0.1)

SPEC REPOS:
  trunk:
    - Alamofire
    - CodableFirebase
    - Cosmos
    - Differentiator
    - DigitInputView
    - DropDown
    - Firebase
    - FirebaseAnalytics
    - FirebaseAnalyticsInterop
    - FirebaseAuth
    - FirebaseAuthInterop
    - FirebaseCore
    - FirebaseDatabase
    - FirebaseFunctions
    - FirebaseInstanceID
    - FirebaseMessaging
    - FirebaseStorage
    - GoogleAppMeasurement
    - GoogleUtilities
    - GTMSessionFetcher
    - IQKeyboardManager
    - JGProgressHUD
    - Kingfisher
    - leveldb-library
    - Moya
    - nanopb
    - Protobuf
    - Result
    - RxAtomic
    - RxCocoa
    - RxDataSources
    - RxSwift
    - SkyFloatingLabelTextField
    - Stripe
    - SwiftyJSON
    - Toast-Swift

SPEC CHECKSUMS:
  Alamofire: 16ce2c353fb72865124ddae8a57c5942388f4f11
  CodableFirebase: 0bf201991eeec35eb9fcd987d271ea463cf34a80
  Cosmos: 7dfaa3f52584ca5f94ab74b5c2e264019cc9f7f5
  Differentiator: be49ca3408f0ecfc761e4c7763d20c62be01b9ad
  DigitInputView: a102d95aa73c23ea714297b7c284ea895794e7a0
  DropDown: 0bcc278799ec11a3d34ce1aac9367fbbaf5423d9
  Firebase: 02f3281965c075426141a0ce1277e9de6649cab9
  FirebaseAnalytics: 23851fe602c872130a2c5c55040b302120346cc2
  FirebaseAnalyticsInterop: efbe45c8385ec626e29f9525e5ebd38520dfb6c1
  FirebaseAuth: d85d052354447f30b4b2a805ab91b511458b56a6
  FirebaseAuthInterop: 0ffa57668be100582bb7643d4fcb7615496c41fc
  FirebaseCore: 52f851b30e11360f1e67cf04b1edfebf0a47a2d3
  FirebaseDatabase: 23acb0c53cd4d4070a427b60100b2e4aaa97c45d
  FirebaseFunctions: 3ee25c43a467ec3099718d77323de04ce07828d8
  FirebaseInstanceID: bd6fc5a258884e206fd5c474ebe4f5b00e21770e
  FirebaseMessaging: d740150547f7686b33799f6489f5b69a4706631b
  FirebaseStorage: 29075f874c2b3cf61e5221a62c4ceefc809e5412
  GoogleAppMeasurement: 6cf307834da065863f9faf4c0de0a936d81dd832
  GoogleUtilities: 6481e6318c5fcabaaa8513ef8120f329055d7c10
  GTMSessionFetcher: 32aeca0aa144acea523e1c8e053089dec2cb98ca
  IQKeyboardManager: 6194101620b73af5e67900b8f89707a99de0b804
  JGProgressHUD: 12b20a8f4ffe05258f8635c1ab92816e451f904d
  Kingfisher: 07067cfacf371117330dceb4b4b8f5c4b691ab42
  leveldb-library: 08cba283675b7ed2d99629a4bc5fd052cd2bb6a5
  Moya: cf730b3cd9e005401ef37a85143aa141a12fd38f
  nanopb: 2901f78ea1b7b4015c860c2fdd1ea2fee1a18d48
  Protobuf: 7a877b7f3e5964e3fce995e2eb323dbc6831bb5a
  Result: bd966fac789cc6c1563440b348ab2598cc24d5c7
  RxAtomic: d00e97c10db88c6f08540e0bf2752fc5a2404167
  RxCocoa: 477990dc3b4c3ff55fb0ac77e1cc06244e0aaec8
  RxDataSources: a843bad90c29817f5923ec8163f4af2de084ceb3
  RxSwift: 74c29b693c8e42b0f64400e8b06564575742d649
  SkyFloatingLabelTextField: 38164979b79512f9ff9288ad8acfc4bbf5d843e3
  Stripe: db29ad197c74aca6fb981e4e8355cf7ebd0fca5a
  SwiftyJSON: 6faa0040f8b59dead0ee07436cbf76b73c08fd08
  Toast-Swift: e42a638589a2f95036b4bb7626cfbdde7daf0393

PODFILE CHECKSUM: 4fea8000d33aa453cba18c353163478c48d8cff5

COCOAPODS: 1.10.1
